// !$*UTF8*$!
{
	archiveVersion = 1;
	classes = {
	};
	objectVersion = 56;
	objects = {

/* Begin PBXBuildFile section */
		7E6B2CBE2A78D2E100A387F5 /* AppDelegate.m in Sources */ = {isa = PBXBuildFile; fileRef = 7E6B2CBD2A78D2E100A387F5 /* AppDelegate.m */; };
		7E6B2CC12A78D2E100A387F5 /* SceneDelegate.m in Sources */ = {isa = PBXBuildFile; fileRef = 7E6B2CC02A78D2E100A387F5 /* SceneDelegate.m */; };
		7E6B2CC42A78D2E100A387F5 /* ViewController.m in Sources */ = {isa = PBXBuildFile; fileRef = 7E6B2CC32A78D2E100A387F5 /* ViewController.m */; };
		7E6B2CC72A78D2E100A387F5 /* Main.storyboard in Resources */ = {isa = PBXBuildFile; fileRef = 7E6B2CC52A78D2E100A387F5 /* Main.storyboard */; };
		7E6B2CC92A78D2E300A387F5 /* Assets.xcassets in Resources */ = {isa = PBXBuildFile; fileRef = 7E6B2CC82A78D2E300A387F5 /* Assets.xcassets */; };
		7E6B2CCC2A78D2E300A387F5 /* LaunchScreen.storyboard in Resources */ = {isa = PBXBuildFile; fileRef = 7E6B2CCA2A78D2E300A387F5 /* LaunchScreen.storyboard */; };
		7E6B2CCF2A78D2E300A387F5 /* main.m in Sources */ = {isa = PBXBuildFile; fileRef = 7E6B2CCE2A78D2E300A387F5 /* main.m */; };
		7E6B2CD92A78D63E00A387F5 /* NSObject+AssociatedObjects.m in Sources */ = {isa = PBXBuildFile; fileRef = 7E6B2CD82A78D63E00A387F5 /* NSObject+AssociatedObjects.m */; };
/* End PBXBuildFile section */

/* Begin PBXFileReference section */
		7E6B2CB92A78D2E100A387F5 /* LeoOdyssey.app */ = {isa = PBXFileReference; explicitFileType = wrapper.application; includeInIndex = 0; path = LeoOdyssey.app; sourceTree = BUILT_PRODUCTS_DIR; };
		7E6B2CBC2A78D2E100A387F5 /* AppDelegate.h */ = {isa = PBXFileReference; lastKnownFileType = sourcecode.c.h; path = AppDelegate.h; sourceTree = "<group>"; };
		7E6B2CBD2A78D2E100A387F5 /* AppDelegate.m */ = {isa = PBXFileReference; lastKnownFileType = sourcecode.c.objc; path = AppDelegate.m; sourceTree = "<group>"; };
		7E6B2CBF2A78D2E100A387F5 /* SceneDelegate.h */ = {isa = PBXFileReference; lastKnownFileType = sourcecode.c.h; path = SceneDelegate.h; sourceTree = "<group>"; };
		7E6B2CC02A78D2E100A387F5 /* SceneDelegate.m */ = {isa = PBXFileReference; lastKnownFileType = sourcecode.c.objc; path = SceneDelegate.m; sourceTree = "<group>"; };
		7E6B2CC22A78D2E100A387F5 /* ViewController.h */ = {isa = PBXFileReference; lastKnownFileType = sourcecode.c.h; path = ViewController.h; sourceTree = "<group>"; };
		7E6B2CC32A78D2E100A387F5 /* ViewController.m */ = {isa = PBXFileReference; lastKnownFileType = sourcecode.c.objc; path = ViewController.m; sourceTree = "<group>"; };
		7E6B2CC62A78D2E100A387F5 /* Base */ = {isa = PBXFileReference; lastKnownFileType = file.storyboard; name = Base; path = Base.lproj/Main.storyboard; sourceTree = "<group>"; };
		7E6B2CC82A78D2E300A387F5 /* Assets.xcassets */ = {isa = PBXFileReference; lastKnownFileType = folder.assetcatalog; path = Assets.xcassets; sourceTree = "<group>"; };
		7E6B2CCB2A78D2E300A387F5 /* Base */ = {isa = PBXFileReference; lastKnownFileType = file.storyboard; name = Base; path = Base.lproj/LaunchScreen.storyboard; sourceTree = "<group>"; };
		7E6B2CCD2A78D2E300A387F5 /* Info.plist */ = {isa = PBXFileReference; lastKnownFileType = text.plist.xml; path = Info.plist; sourceTree = "<group>"; };
		7E6B2CCE2A78D2E300A387F5 /* main.m */ = {isa = PBXFileReference; lastKnownFileType = sourcecode.c.objc; path = main.m; sourceTree = "<group>"; };
		7E6B2CD72A78D63E00A387F5 /* NSObject+AssociatedObjects.h */ = {isa = PBXFileReference; lastKnownFileType = sourcecode.c.h; path = "NSObject+AssociatedObjects.h"; sourceTree = "<group>"; };
		7E6B2CD82A78D63E00A387F5 /* NSObject+AssociatedObjects.m */ = {isa = PBXFileReference; lastKnownFileType = sourcecode.c.objc; path = "NSObject+AssociatedObjects.m"; sourceTree = "<group>"; };
/* End PBXFileReference section */

/* Begin PBXFrameworksBuildPhase section */
		7E6B2CB62A78D2E100A387F5 /* Frameworks */ = {
			isa = PBXFrameworksBuildPhase;
			buildActionMask = 2147483647;
			files = (
			);
			runOnlyForDeploymentPostprocessing = 0;
		};
/* End PBXFrameworksBuildPhase section */

/* Begin PBXGroup section */
		7E6B2CB02A78D2E100A387F5 = {
			isa = PBXGroup;
			children = (
				7E6B2CBB2A78D2E100A387F5 /* LeoOdyssey */,
				7E6B2CBA2A78D2E100A387F5 /* Products */,
			);
			sourceTree = "<group>";
		};
		7E6B2CBA2A78D2E100A387F5 /* Products */ = {
			isa = PBXGroup;
			children = (
				7E6B2CB92A78D2E100A387F5 /* LeoOdyssey.app */,
			);
			name = Products;
			sourceTree = "<group>";
		};
		7E6B2CBB2A78D2E100A387F5 /* LeoOdyssey */ = {
			isa = PBXGroup;
			children = (
				7E6B2CBC2A78D2E100A387F5 /* AppDelegate.h */,
				7E6B2CBD2A78D2E100A387F5 /* AppDelegate.m */,
				7E6B2CD52A78D32B00A387F5 /* Runtime */,
				7E6B2CBF2A78D2E100A387F5 /* SceneDelegate.h */,
				7E6B2CC02A78D2E100A387F5 /* SceneDelegate.m */,
				7E6B2CC22A78D2E100A387F5 /* ViewController.h */,
				7E6B2CC32A78D2E100A387F5 /* ViewController.m */,
				7E6B2CC52A78D2E100A387F5 /* Main.storyboard */,
				7E6B2CC82A78D2E300A387F5 /* Assets.xcassets */,
				7E6B2CCA2A78D2E300A387F5 /* LaunchScreen.storyboard */,
				7E6B2CCD2A78D2E300A387F5 /* Info.plist */,
				7E6B2CCE2A78D2E300A387F5 /* main.m */,
			);
			path = LeoOdyssey;
			sourceTree = "<group>";
		};
		7E6B2CD52A78D32B00A387F5 /* Runtime */ = {
			isa = PBXGroup;
			children = (
				7E6B2CD62A78D33600A387F5 /* AssociatedObjects */,
			);
			path = Runtime;
			sourceTree = "<group>";
		};
		7E6B2CD62A78D33600A387F5 /* AssociatedObjects */ = {
			isa = PBXGroup;
			children = (
				7E6B2CD72A78D63E00A387F5 /* NSObject+AssociatedObjects.h */,
				7E6B2CD82A78D63E00A387F5 /* NSObject+AssociatedObjects.m */,
			);
			path = AssociatedObjects;
			sourceTree = "<group>";
		};
/* End PBXGroup section */

/* Begin PBXNativeTarget section */
		7E6B2CB82A78D2E100A387F5 /* LeoOdyssey */ = {
			isa = PBXNativeTarget;
			buildConfigurationList = 7E6B2CD22A78D2E300A387F5 /* Build configuration list for PBXNativeTarget "LeoOdyssey" */;
			buildPhases = (
				7E6B2CB52A78D2E100A387F5 /* Sources */,
				7E6B2CB62A78D2E100A387F5 /* Frameworks */,
				7E6B2CB72A78D2E100A387F5 /* Resources */,
			);
			buildRules = (
			);
			dependencies = (
			);
			name = LeoOdyssey;
			productName = LeoOdyssey;
			productReference = 7E6B2CB92A78D2E100A387F5 /* LeoOdyssey.app */;
			productType = "com.apple.product-type.application";
		};
/* End PBXNativeTarget section */

/* Begin PBXProject section */
		7E6B2CB12A78D2E100A387F5 /* Project object */ = {
			isa = PBXProject;
			attributes = {
				BuildIndependentTargetsInParallel = 1;
				CLASSPREFIX = LLO;
				LastUpgradeCheck = 1430;
				ORGANIZATIONNAME = LeoLee;
				TargetAttributes = {
					7E6B2CB82A78D2E100A387F5 = {
						CreatedOnToolsVersion = 14.3.1;
					};
				};
			};
			buildConfigurationList = 7E6B2CB42A78D2E100A387F5 /* Build configuration list for PBXProject "LeoOdyssey" */;
			compatibilityVersion = "Xcode 14.0";
			developmentRegion = en;
			hasScannedForEncodings = 0;
			knownRegions = (
				en,
				Base,
			);
			mainGroup = 7E6B2CB02A78D2E100A387F5;
			productRefGroup = 7E6B2CBA2A78D2E100A387F5 /* Products */;
			projectDirPath = "";
			projectRoot = "";
			targets = (
				7E6B2CB82A78D2E100A387F5 /* LeoOdyssey */,
			);
		};
/* End PBXProject section */

/* Begin PBXResourcesBuildPhase section */
		7E6B2CB72A78D2E100A387F5 /* Resources */ = {
			isa = PBXResourcesBuildPhase;
			buildActionMask = 2147483647;
			files = (
				7E6B2CCC2A78D2E300A387F5 /* LaunchScreen.storyboard in Resources */,
				7E6B2CC92A78D2E300A387F5 /* Assets.xcassets in Resources */,
				7E6B2CC72A78D2E100A387F5 /* Main.storyboard in Resources */,
			);
			runOnlyForDeploymentPostprocessing = 0;
		};
/* End PBXResourcesBuildPhase section */

/* Begin PBXSourcesBuildPhase section */
		7E6B2CB52A78D2E100A387F5 /* Sources */ = {
			isa = PBXSourcesBuildPhase;
			buildActionMask = 2147483647;
			files = (
				7E6B2CC42A78D2E100A387F5 /* ViewController.m in Sources */,
				7E6B2CD92A78D63E00A387F5 /* NSObject+AssociatedObjects.m in Sources */,
				7E6B2CBE2A78D2E100A387F5 /* AppDelegate.m in Sources */,
				7E6B2CCF2A78D2E300A387F5 /* main.m in Sources */,
				7E6B2CC12A78D2E100A387F5 /* SceneDelegate.m in Sources */,
			);
			runOnlyForDeploymentPostprocessing = 0;
		};
/* End PBXSourcesBuildPhase section */

/* Begin PBXVariantGroup section */
		7E6B2CC52A78D2E100A387F5 /* Main.storyboard */ = {
			isa = PBXVariantGroup;
			children = (
				7E6B2CC62A78D2E100A387F5 /* Base */,
			);
			name = Main.storyboard;
			sourceTree = "<group>";
		};
		7E6B2CCA2A78D2E300A387F5 /* LaunchScreen.storyboard */ = {
			isa = PBXVariantGroup;
			children = (
				7E6B2CCB2A78D2E300A387F5 /* Base */,
			);
			name = LaunchScreen.storyboard;
			sourceTree = "<group>";
		};
/* End PBXVariantGroup section */

/* Begin XCBuildConfiguration section */
		7E6B2CD02A78D2E300A387F5 /* Debug */ = {
			isa = XCBuildConfiguration;
			buildSettings = {
				ALWAYS_SEARCH_USER_PATHS = NO;
				CLANG_ANALYZER_NONNULL = YES;
				CLANG_ANALYZER_NUMBER_OBJECT_CONVERSION = YES_AGGRESSIVE;
				CLANG_CXX_LANGUAGE_STANDARD = "gnu++20";
				CLANG_ENABLE_MODULES = YES;
				CLANG_ENABLE_OBJC_ARC = YES;
				CLANG_ENABLE_OBJC_WEAK = YES;
				CLANG_WARN_BLOCK_CAPTURE_AUTORELEASING = YES;
				CLANG_WARN_BOOL_CONVERSION = YES;
				CLANG_WARN_COMMA = YES;
				CLANG_WARN_CONSTANT_CONVERSION = YES;
				CLANG_WARN_DEPRECATED_OBJC_IMPLEMENTATIONS = YES;
				CLANG_WARN_DIRECT_OBJC_ISA_USAGE = YES_ERROR;
				CLANG_WARN_DOCUMENTATION_COMMENTS = YES;
				CLANG_WARN_EMPTY_BODY = YES;
				CLANG_WARN_ENUM_CONVERSION = YES;
				CLANG_WARN_INFINITE_RECURSION = YES;
				CLANG_WARN_INT_CONVERSION = YES;
				CLANG_WARN_NON_LITERAL_NULL_CONVERSION = YES;
				CLANG_WARN_OBJC_IMPLICIT_RETAIN_SELF = YES;
				CLANG_WARN_OBJC_LITERAL_CONVERSION = YES;
				CLANG_WARN_OBJC_ROOT_CLASS = YES_ERROR;
				CLANG_WARN_QUOTED_INCLUDE_IN_FRAMEWORK_HEADER = YES;
				CLANG_WARN_RANGE_LOOP_ANALYSIS = YES;
				CLANG_WARN_STRICT_PROTOTYPES = YES;
				CLANG_WARN_SUSPICIOUS_MOVE = YES;
				CLANG_WARN_UNGUARDED_AVAILABILITY = YES_AGGRESSIVE;
				CLANG_WARN_UNREACHABLE_CODE = YES;
				CLANG_WARN__DUPLICATE_METHOD_MATCH = YES;
				COPY_PHASE_STRIP = NO;
				DEBUG_INFORMATION_FORMAT = dwarf;
				ENABLE_STRICT_OBJC_MSGSEND = YES;
				ENABLE_TESTABILITY = YES;
				GCC_C_LANGUAGE_STANDARD = gnu11;
				GCC_DYNAMIC_NO_PIC = NO;
				GCC_NO_COMMON_BLOCKS = YES;
				GCC_OPTIMIZATION_LEVEL = 0;
				GCC_PREPROCESSOR_DEFINITIONS = (
					"DEBUG=1",
					"$(inherited)",
				);
				GCC_WARN_64_TO_32_BIT_CONVERSION = YES;
				GCC_WARN_ABOUT_RETURN_TYPE = YES_ERROR;
				GCC_WARN_UNDECLARED_SELECTOR = YES;
				GCC_WARN_UNINITIALIZED_AUTOS = YES_AGGRESSIVE;
				GCC_WARN_UNUSED_FUNCTION = YES;
				GCC_WARN_UNUSED_VARIABLE = YES;
				IPHONEOS_DEPLOYMENT_TARGET = 16.4;
				MTL_ENABLE_DEBUG_INFO = INCLUDE_SOURCE;
				MTL_FAST_MATH = YES;
				ONLY_ACTIVE_ARCH = YES;
				SDKROOT = iphoneos;
			};
			name = Debug;
		};
		7E6B2CD12A78D2E300A387F5 /* Release */ = {
			isa = XCBuildConfiguration;
			buildSettings = {
				ALWAYS_SEARCH_USER_PATHS = NO;
				CLANG_ANALYZER_NONNULL = YES;
				CLANG_ANALYZER_NUMBER_OBJECT_CONVERSION = YES_AGGRESSIVE;
				CLANG_CXX_LANGUAGE_STANDARD = "gnu++20";
				CLANG_ENABLE_MODULES = YES;
				CLANG_ENABLE_OBJC_ARC = YES;
				CLANG_ENABLE_OBJC_WEAK = YES;
				CLANG_WARN_BLOCK_CAPTURE_AUTORELEASING = YES;
				CLANG_WARN_BOOL_CONVERSION = YES;
				CLANG_WARN_COMMA = YES;
				CLANG_WARN_CONSTANT_CONVERSION = YES;
				CLANG_WARN_DEPRECATED_OBJC_IMPLEMENTATIONS = YES;
				CLANG_WARN_DIRECT_OBJC_ISA_USAGE = YES_ERROR;
				CLANG_WARN_DOCUMENTATION_COMMENTS = YES;
				CLANG_WARN_EMPTY_BODY = YES;
				CLANG_WARN_ENUM_CONVERSION = YES;
				CLANG_WARN_INFINITE_RECURSION = YES;
				CLANG_WARN_INT_CONVERSION = YES;
				CLANG_WARN_NON_LITERAL_NULL_CONVERSION = YES;
				CLANG_WARN_OBJC_IMPLICIT_RETAIN_SELF = YES;
				CLANG_WARN_OBJC_LITERAL_CONVERSION = YES;
				CLANG_WARN_OBJC_ROOT_CLASS = YES_ERROR;
				CLANG_WARN_QUOTED_INCLUDE_IN_FRAMEWORK_HEADER = YES;
				CLANG_WARN_RANGE_LOOP_ANALYSIS = YES;
				CLANG_WARN_STRICT_PROTOTYPES = YES;
				CLANG_WARN_SUSPICIOUS_MOVE = YES;
				CLANG_WARN_UNGUARDED_AVAILABILITY = YES_AGGRESSIVE;
				CLANG_WARN_UNREACHABLE_CODE = YES;
				CLANG_WARN__DUPLICATE_METHOD_MATCH = YES;
				COPY_PHASE_STRIP = NO;
				DEBUG_INFORMATION_FORMAT = "dwarf-with-dsym";
				ENABLE_NS_ASSERTIONS = NO;
				ENABLE_STRICT_OBJC_MSGSEND = YES;
				GCC_C_LANGUAGE_STANDARD = gnu11;
				GCC_NO_COMMON_BLOCKS = YES;
				GCC_WARN_64_TO_32_BIT_CONVERSION = YES;
				GCC_WARN_ABOUT_RETURN_TYPE = YES_ERROR;
				GCC_WARN_UNDECLARED_SELECTOR = YES;
				GCC_WARN_UNINITIALIZED_AUTOS = YES_AGGRESSIVE;
				GCC_WARN_UNUSED_FUNCTION = YES;
				GCC_WARN_UNUSED_VARIABLE = YES;
				IPHONEOS_DEPLOYMENT_TARGET = 16.4;
				MTL_ENABLE_DEBUG_INFO = NO;
				MTL_FAST_MATH = YES;
				SDKROOT = iphoneos;
				VALIDATE_PRODUCT = YES;
			};
			name = Release;
		};
		7E6B2CD32A78D2E300A387F5 /* Debug */ = {
			isa = XCBuildConfiguration;
			buildSettings = {
				ASSETCATALOG_COMPILER_APPICON_NAME = AppIcon;
				ASSETCATALOG_COMPILER_GLOBAL_ACCENT_COLOR_NAME = AccentColor;
				CODE_SIGN_STYLE = Automatic;
				CURRENT_PROJECT_VERSION = 1;
				GENERATE_INFOPLIST_FILE = YES;
				INFOPLIST_FILE = LeoOdyssey/Info.plist;
				INFOPLIST_KEY_UIApplicationSupportsIndirectInputEvents = YES;
				INFOPLIST_KEY_UILaunchStoryboardName = LaunchScreen;
				INFOPLIST_KEY_UIMainStoryboardFile = Main;
				INFOPLIST_KEY_UISupportedInterfaceOrientations_iPad = "UIInterfaceOrientationPortrait UIInterfaceOrientationPortraitUpsideDown UIInterfaceOrientationLandscapeLeft UIInterfaceOrientationLandscapeRight";
				INFOPLIST_KEY_UISupportedInterfaceOrientations_iPhone = "UIInterfaceOrientationPortrait UIInterfaceOrientationLandscapeLeft UIInterfaceOrientationLandscapeRight";
				LD_RUNPATH_SEARCH_PATHS = (
					"$(inherited)",
					"@executable_path/Frameworks",
				);
				MARKETING_VERSION = 1.0;
				PRODUCT_BUNDLE_IDENTIFIER = com.leolee.odyssey.LeoOdyssey;
				PRODUCT_NAME = "$(TARGET_NAME)";
				SWIFT_EMIT_LOC_STRINGS = YES;
				TARGETED_DEVICE_FAMILY = "1,2";
			};
			name = Debug;
		};
		7E6B2CD42A78D2E300A387F5 /* Release */ = {
			isa = XCBuildConfiguration;
			buildSettings = {
				ASSETCATALOG_COMPILER_APPICON_NAME = AppIcon;
				ASSETCATALOG_COMPILER_GLOBAL_ACCENT_COLOR_NAME = AccentColor;
				CODE_SIGN_STYLE = Automatic;
				CURRENT_PROJECT_VERSION = 1;
				GENERATE_INFOPLIST_FILE = YES;
				INFOPLIST_FILE = LeoOdyssey/Info.plist;
				INFOPLIST_KEY_UIApplicationSupportsIndirectInputEvents = YES;
				INFOPLIST_KEY_UILaunchStoryboardName = LaunchScreen;
				INFOPLIST_KEY_UIMainStoryboardFile = Main;
				INFOPLIST_KEY_UISupportedInterfaceOrientations_iPad = "UIInterfaceOrientationPortrait UIInterfaceOrientationPortraitUpsideDown UIInterfaceOrientationLandscapeLeft UIInterfaceOrientationLandscapeRight";
				INFOPLIST_KEY_UISupportedInterfaceOrientations_iPhone = "UIInterfaceOrientationPortrait UIInterfaceOrientationLandscapeLeft UIInterfaceOrientationLandscapeRight";
				LD_RUNPATH_SEARCH_PATHS = (
					"$(inherited)",
					"@executable_path/Frameworks",
				);
				MARKETING_VERSION = 1.0;
				PRODUCT_BUNDLE_IDENTIFIER = com.leolee.odyssey.LeoOdyssey;
				PRODUCT_NAME = "$(TARGET_NAME)";
				SWIFT_EMIT_LOC_STRINGS = YES;
				TARGETED_DEVICE_FAMILY = "1,2";
			};
			name = Release;
		};
/* End XCBuildConfiguration section */

/* Begin XCConfigurationList section */
		7E6B2CB42A78D2E100A387F5 /* Build configuration list for PBXProject "LeoOdyssey" */ = {
			isa = XCConfigurationList;
			buildConfigurations = (
				7E6B2CD02A78D2E300A387F5 /* Debug */,
				7E6B2CD12A78D2E300A387F5 /* Release */,
			);
			defaultConfigurationIsVisible = 0;
			defaultConfigurationName = Release;
		};
		7E6B2CD22A78D2E300A387F5 /* Build configuration list for PBXNativeTarget "LeoOdyssey" */ = {
			isa = XCConfigurationList;
			buildConfigurations = (
				7E6B2CD32A78D2E300A387F5 /* Debug */,
				7E6B2CD42A78D2E300A387F5 /* Release */,
			);
			defaultConfigurationIsVisible = 0;
			defaultConfigurationName = Release;
		};
/* End XCConfigurationList section */
	};
	rootObject = 7E6B2CB12A78D2E100A387F5 /* Project object */;
}
